// !$*UTF8*$!
{
	archiveVersion = 1;
	classes = {
	};
	objectVersion = 50;
	objects = {

/* Begin PBXBuildFile section */
		35880070F64652C1721A1F11 /* Pods_Faith_In_God_ProgressUITests.framework in Frameworks */ = {isa = PBXBuildFile; fileRef = B6CCDC9C9EBD539F02263DAA /* Pods_Faith_In_God_ProgressUITests.framework */; };
		4839495D90FEDECFB0AB9003 /* Pods_Faith_In_God_Progress.framework in Frameworks */ = {isa = PBXBuildFile; fileRef = 54AAD8D9342562F7D10724CD /* Pods_Faith_In_God_Progress.framework */; };
		5E40765A215856FA004202E5 /* Faith_In_God_Progress.xcdatamodeld in Sources */ = {isa = PBXBuildFile; fileRef = 5E407658215856FA004202E5 /* Faith_In_God_Progress.xcdatamodeld */; };
		5E40765C215856FB004202E5 /* Assets.xcassets in Resources */ = {isa = PBXBuildFile; fileRef = 5E40765B215856FB004202E5 /* Assets.xcassets */; };
		5E40766A215856FB004202E5 /* Faith_In_God_ProgressTests.swift in Sources */ = {isa = PBXBuildFile; fileRef = 5E407669215856FB004202E5 /* Faith_In_God_ProgressTests.swift */; };
		5E407675215856FB004202E5 /* Faith_In_God_ProgressUITests.swift in Sources */ = {isa = PBXBuildFile; fileRef = 5E407674215856FB004202E5 /* Faith_In_God_ProgressUITests.swift */; };
		5E407683215857EB004202E5 /* loginViewController.swift in Sources */ = {isa = PBXBuildFile; fileRef = 5E407682215857EB004202E5 /* loginViewController.swift */; };
		5E40769E21585820004202E5 /* tabViewController3.swift in Sources */ = {isa = PBXBuildFile; fileRef = 5E4076862158581D004202E5 /* tabViewController3.swift */; };
		5E40769F21585820004202E5 /* articlesTableViewController.swift in Sources */ = {isa = PBXBuildFile; fileRef = 5E4076872158581D004202E5 /* articlesTableViewController.swift */; };
		5E4076A021585820004202E5 /* basicViewController.swift in Sources */ = {isa = PBXBuildFile; fileRef = 5E4076882158581D004202E5 /* basicViewController.swift */; };
		5E4076A121585820004202E5 /* editProfileViewController.swift in Sources */ = {isa = PBXBuildFile; fileRef = 5E4076892158581D004202E5 /* editProfileViewController.swift */; };
		5E4076A221585820004202E5 /* Progress.swift in Sources */ = {isa = PBXBuildFile; fileRef = 5E40768A2158581D004202E5 /* Progress.swift */; };
		5E4076A321585820004202E5 /* UserData.swift in Sources */ = {isa = PBXBuildFile; fileRef = 5E40768B2158581D004202E5 /* UserData.swift */; };
		5E4076A421585820004202E5 /* servingViewController.swift in Sources */ = {isa = PBXBuildFile; fileRef = 5E40768C2158581D004202E5 /* servingViewController.swift */; };
		5E4076A521585820004202E5 /* tabViewController2.swift in Sources */ = {isa = PBXBuildFile; fileRef = 5E40768D2158581E004202E5 /* tabViewController2.swift */; };
		5E4076A621585820004202E5 /* tabViewController1.swift in Sources */ = {isa = PBXBuildFile; fileRef = 5E40768E2158581E004202E5 /* tabViewController1.swift */; };
		5E4076A721585820004202E5 /* learningDetailViewController.swift in Sources */ = {isa = PBXBuildFile; fileRef = 5E40768F2158581E004202E5 /* learningDetailViewController.swift */; };
		5E4076A821585820004202E5 /* talentsDetailViewController.swift in Sources */ = {isa = PBXBuildFile; fileRef = 5E4076902158581E004202E5 /* talentsDetailViewController.swift */; };
		5E4076A921585820004202E5 /* User.swift in Sources */ = {isa = PBXBuildFile; fileRef = 5E4076912158581E004202E5 /* User.swift */; };
		5E4076AA21585820004202E5 /* EditProfile.swift in Sources */ = {isa = PBXBuildFile; fileRef = 5E4076922158581E004202E5 /* EditProfile.swift */; };
		5E4076AB21585820004202E5 /* DataItemB.swift in Sources */ = {isa = PBXBuildFile; fileRef = 5E4076932158581E004202E5 /* DataItemB.swift */; };
		5E4076AC21585820004202E5 /* basicDetailViewController.swift in Sources */ = {isa = PBXBuildFile; fileRef = 5E4076942158581E004202E5 /* basicDetailViewController.swift */; };
		5E4076AD21585820004202E5 /* talentsViewController.swift in Sources */ = {isa = PBXBuildFile; fileRef = 5E4076952158581F004202E5 /* talentsViewController.swift */; };
		5E4076AE21585820004202E5 /* DataItemC.swift in Sources */ = {isa = PBXBuildFile; fileRef = 5E4076962158581F004202E5 /* DataItemC.swift */; };
		5E4076AF21585820004202E5 /* articlesViewController.swift in Sources */ = {isa = PBXBuildFile; fileRef = 5E4076972158581F004202E5 /* articlesViewController.swift */; };
		5E4076B021585820004202E5 /* learningViewController.swift in Sources */ = {isa = PBXBuildFile; fileRef = 5E4076982158581F004202E5 /* learningViewController.swift */; };
		5E4076B121585820004202E5 /* DataItemA.swift in Sources */ = {isa = PBXBuildFile; fileRef = 5E4076992158581F004202E5 /* DataItemA.swift */; };
		5E4076B221585820004202E5 /* tabViewController4.swift in Sources */ = {isa = PBXBuildFile; fileRef = 5E40769A2158581F004202E5 /* tabViewController4.swift */; };
		5E4076B321585820004202E5 /* boysGirlsViewController.swift in Sources */ = {isa = PBXBuildFile; fileRef = 5E40769B2158581F004202E5 /* boysGirlsViewController.swift */; };
		5E4076B421585820004202E5 /* boysGirlsDetailViewController.swift in Sources */ = {isa = PBXBuildFile; fileRef = 5E40769C2158581F004202E5 /* boysGirlsDetailViewController.swift */; };
		5E4076B521585820004202E5 /* servingDetailViewController.swift in Sources */ = {isa = PBXBuildFile; fileRef = 5E40769D2158581F004202E5 /* servingDetailViewController.swift */; };
		5E4076B721585843004202E5 /* Main.storyboard in Resources */ = {isa = PBXBuildFile; fileRef = 5E4076B621585843004202E5 /* Main.storyboard */; };
		5E4076B921585867004202E5 /* LaunchScreen.storyboard in Resources */ = {isa = PBXBuildFile; fileRef = 5E4076B821585867004202E5 /* LaunchScreen.storyboard */; };
		5E4076BB21585889004202E5 /* GoogleService-Info.plist in Resources */ = {isa = PBXBuildFile; fileRef = 5E4076BA21585888004202E5 /* GoogleService-Info.plist */; };
		5EA5739121585FF1000FF6CF /* AppDelegate.swift in Sources */ = {isa = PBXBuildFile; fileRef = 5EA5739021585FF1000FF6CF /* AppDelegate.swift */; };
		64A0732385BBD8A57FAA0CF6 /* Pods_Faith_In_God_ProgressTests.framework in Frameworks */ = {isa = PBXBuildFile; fileRef = 9CC3C2749AE99CD9F3E91510 /* Pods_Faith_In_God_ProgressTests.framework */; };
/* End PBXBuildFile section */

/* Begin PBXContainerItemProxy section */
		5E407666215856FB004202E5 /* PBXContainerItemProxy */ = {
			isa = PBXContainerItemProxy;
			containerPortal = 5E407646215856FA004202E5 /* Project object */;
			proxyType = 1;
			remoteGlobalIDString = 5E40764D215856FA004202E5;
			remoteInfo = "Faith In God Progress";
		};
		5E407671215856FB004202E5 /* PBXContainerItemProxy */ = {
			isa = PBXContainerItemProxy;
			containerPortal = 5E407646215856FA004202E5 /* Project object */;
			proxyType = 1;
			remoteGlobalIDString = 5E40764D215856FA004202E5;
			remoteInfo = "Faith In God Progress";
		};
/* End PBXContainerItemProxy section */

/* Begin PBXFileReference section */
		1098E3980096A017EB02C88D /* Pods-Faith In God Progress.release.xcconfig */ = {isa = PBXFileReference; includeInIndex = 1; lastKnownFileType = text.xcconfig; name = "Pods-Faith In God Progress.release.xcconfig"; path = "Pods/Target Support Files/Pods-Faith In God Progress/Pods-Faith In God Progress.release.xcconfig"; sourceTree = "<group>"; };
		3642E77CDAF45A67ECC922EE /* Pods-Faith In God ProgressUITests.debug.xcconfig */ = {isa = PBXFileReference; includeInIndex = 1; lastKnownFileType = text.xcconfig; name = "Pods-Faith In God ProgressUITests.debug.xcconfig"; path = "Pods/Target Support Files/Pods-Faith In God ProgressUITests/Pods-Faith In God ProgressUITests.debug.xcconfig"; sourceTree = "<group>"; };
		54AAD8D9342562F7D10724CD /* Pods_Faith_In_God_Progress.framework */ = {isa = PBXFileReference; explicitFileType = wrapper.framework; includeInIndex = 0; path = Pods_Faith_In_God_Progress.framework; sourceTree = BUILT_PRODUCTS_DIR; };
		5E40764E215856FA004202E5 /* Faith In God Progress.app */ = {isa = PBXFileReference; explicitFileType = wrapper.application; includeInIndex = 0; path = "Faith In God Progress.app"; sourceTree = BUILT_PRODUCTS_DIR; };
		5E407659215856FA004202E5 /* Faith_In_God_Progress.xcdatamodel */ = {isa = PBXFileReference; lastKnownFileType = wrapper.xcdatamodel; path = Faith_In_God_Progress.xcdatamodel; sourceTree = "<group>"; };
		5E40765B215856FB004202E5 /* Assets.xcassets */ = {isa = PBXFileReference; lastKnownFileType = folder.assetcatalog; path = Assets.xcassets; sourceTree = "<group>"; };
		5E407660215856FB004202E5 /* Info.plist */ = {isa = PBXFileReference; lastKnownFileType = text.plist.xml; path = Info.plist; sourceTree = "<group>"; };
		5E407665215856FB004202E5 /* Faith In God ProgressTests.xctest */ = {isa = PBXFileReference; explicitFileType = wrapper.cfbundle; includeInIndex = 0; path = "Faith In God ProgressTests.xctest"; sourceTree = BUILT_PRODUCTS_DIR; };
		5E407669215856FB004202E5 /* Faith_In_God_ProgressTests.swift */ = {isa = PBXFileReference; lastKnownFileType = sourcecode.swift; path = Faith_In_God_ProgressTests.swift; sourceTree = "<group>"; };
		5E40766B215856FB004202E5 /* Info.plist */ = {isa = PBXFileReference; lastKnownFileType = text.plist.xml; path = Info.plist; sourceTree = "<group>"; };
		5E407670215856FB004202E5 /* Faith In God ProgressUITests.xctest */ = {isa = PBXFileReference; explicitFileType = wrapper.cfbundle; includeInIndex = 0; path = "Faith In God ProgressUITests.xctest"; sourceTree = BUILT_PRODUCTS_DIR; };
		5E407674215856FB004202E5 /* Faith_In_God_ProgressUITests.swift */ = {isa = PBXFileReference; lastKnownFileType = sourcecode.swift; path = Faith_In_God_ProgressUITests.swift; sourceTree = "<group>"; };
		5E407676215856FB004202E5 /* Info.plist */ = {isa = PBXFileReference; lastKnownFileType = text.plist.xml; path = Info.plist; sourceTree = "<group>"; };
		5E407682215857EB004202E5 /* loginViewController.swift */ = {isa = PBXFileReference; fileEncoding = 4; lastKnownFileType = sourcecode.swift; path = loginViewController.swift; sourceTree = "<group>"; };
		5E4076862158581D004202E5 /* tabViewController3.swift */ = {isa = PBXFileReference; fileEncoding = 4; lastKnownFileType = sourcecode.swift; path = tabViewController3.swift; sourceTree = "<group>"; };
		5E4076872158581D004202E5 /* articlesTableViewController.swift */ = {isa = PBXFileReference; fileEncoding = 4; lastKnownFileType = sourcecode.swift; path = articlesTableViewController.swift; sourceTree = "<group>"; };
		5E4076882158581D004202E5 /* basicViewController.swift */ = {isa = PBXFileReference; fileEncoding = 4; lastKnownFileType = sourcecode.swift; path = basicViewController.swift; sourceTree = "<group>"; };
		5E4076892158581D004202E5 /* editProfileViewController.swift */ = {isa = PBXFileReference; fileEncoding = 4; lastKnownFileType = sourcecode.swift; path = editProfileViewController.swift; sourceTree = "<group>"; };
		5E40768A2158581D004202E5 /* Progress.swift */ = {isa = PBXFileReference; fileEncoding = 4; lastKnownFileType = sourcecode.swift; path = Progress.swift; sourceTree = "<group>"; };
		5E40768B2158581D004202E5 /* UserData.swift */ = {isa = PBXFileReference; fileEncoding = 4; lastKnownFileType = sourcecode.swift; path = UserData.swift; sourceTree = "<group>"; };
		5E40768C2158581D004202E5 /* servingViewController.swift */ = {isa = PBXFileReference; fileEncoding = 4; lastKnownFileType = sourcecode.swift; path = servingViewController.swift; sourceTree = "<group>"; };
		5E40768D2158581E004202E5 /* tabViewController2.swift */ = {isa = PBXFileReference; fileEncoding = 4; lastKnownFileType = sourcecode.swift; path = tabViewController2.swift; sourceTree = "<group>"; };
		5E40768E2158581E004202E5 /* tabViewController1.swift */ = {isa = PBXFileReference; fileEncoding = 4; lastKnownFileType = sourcecode.swift; path = tabViewController1.swift; sourceTree = "<group>"; };
		5E40768F2158581E004202E5 /* learningDetailViewController.swift */ = {isa = PBXFileReference; fileEncoding = 4; lastKnownFileType = sourcecode.swift; path = learningDetailViewController.swift; sourceTree = "<group>"; };
		5E4076902158581E004202E5 /* talentsDetailViewController.swift */ = {isa = PBXFileReference; fileEncoding = 4; lastKnownFileType = sourcecode.swift; path = talentsDetailViewController.swift; sourceTree = "<group>"; };
		5E4076912158581E004202E5 /* User.swift */ = {isa = PBXFileReference; fileEncoding = 4; lastKnownFileType = sourcecode.swift; path = User.swift; sourceTree = "<group>"; };
		5E4076922158581E004202E5 /* EditProfile.swift */ = {isa = PBXFileReference; fileEncoding = 4; lastKnownFileType = sourcecode.swift; path = EditProfile.swift; sourceTree = "<group>"; };
		5E4076932158581E004202E5 /* DataItemB.swift */ = {isa = PBXFileReference; fileEncoding = 4; lastKnownFileType = sourcecode.swift; path = DataItemB.swift; sourceTree = "<group>"; };
		5E4076942158581E004202E5 /* basicDetailViewController.swift */ = {isa = PBXFileReference; fileEncoding = 4; lastKnownFileType = sourcecode.swift; path = basicDetailViewController.swift; sourceTree = "<group>"; };
		5E4076952158581F004202E5 /* talentsViewController.swift */ = {isa = PBXFileReference; fileEncoding = 4; lastKnownFileType = sourcecode.swift; path = talentsViewController.swift; sourceTree = "<group>"; };
		5E4076962158581F004202E5 /* DataItemC.swift */ = {isa = PBXFileReference; fileEncoding = 4; lastKnownFileType = sourcecode.swift; path = DataItemC.swift; sourceTree = "<group>"; };
		5E4076972158581F004202E5 /* articlesViewController.swift */ = {isa = PBXFileReference; fileEncoding = 4; lastKnownFileType = sourcecode.swift; path = articlesViewController.swift; sourceTree = "<group>"; };
		5E4076982158581F004202E5 /* learningViewController.swift */ = {isa = PBXFileReference; fileEncoding = 4; lastKnownFileType = sourcecode.swift; path = learningViewController.swift; sourceTree = "<group>"; };
		5E4076992158581F004202E5 /* DataItemA.swift */ = {isa = PBXFileReference; fileEncoding = 4; lastKnownFileType = sourcecode.swift; path = DataItemA.swift; sourceTree = "<group>"; };
		5E40769A2158581F004202E5 /* tabViewController4.swift */ = {isa = PBXFileReference; fileEncoding = 4; lastKnownFileType = sourcecode.swift; path = tabViewController4.swift; sourceTree = "<group>"; };
		5E40769B2158581F004202E5 /* boysGirlsViewController.swift */ = {isa = PBXFileReference; fileEncoding = 4; lastKnownFileType = sourcecode.swift; path = boysGirlsViewController.swift; sourceTree = "<group>"; };
		5E40769C2158581F004202E5 /* boysGirlsDetailViewController.swift */ = {isa = PBXFileReference; fileEncoding = 4; lastKnownFileType = sourcecode.swift; path = boysGirlsDetailViewController.swift; sourceTree = "<group>"; };
		5E40769D2158581F004202E5 /* servingDetailViewController.swift */ = {isa = PBXFileReference; fileEncoding = 4; lastKnownFileType = sourcecode.swift; path = servingDetailViewController.swift; sourceTree = "<group>"; };
		5E4076B621585843004202E5 /* Main.storyboard */ = {isa = PBXFileReference; fileEncoding = 4; lastKnownFileType = file.storyboard; path = Main.storyboard; sourceTree = "<group>"; };
		5E4076B821585867004202E5 /* LaunchScreen.storyboard */ = {isa = PBXFileReference; fileEncoding = 4; lastKnownFileType = file.storyboard; path = LaunchScreen.storyboard; sourceTree = "<group>"; };
		5E4076BA21585888004202E5 /* GoogleService-Info.plist */ = {isa = PBXFileReference; fileEncoding = 4; lastKnownFileType = text.plist.xml; path = "GoogleService-Info.plist"; sourceTree = "<group>"; };
		5EA5739021585FF1000FF6CF /* AppDelegate.swift */ = {isa = PBXFileReference; fileEncoding = 4; lastKnownFileType = sourcecode.swift; path = AppDelegate.swift; sourceTree = "<group>"; };
		6D07571A1C1A4145C08CAC21 /* Pods-Faith In God ProgressTests.debug.xcconfig */ = {isa = PBXFileReference; includeInIndex = 1; lastKnownFileType = text.xcconfig; name = "Pods-Faith In God ProgressTests.debug.xcconfig"; path = "Pods/Target Support Files/Pods-Faith In God ProgressTests/Pods-Faith In God ProgressTests.debug.xcconfig"; sourceTree = "<group>"; };
		9CC3C2749AE99CD9F3E91510 /* Pods_Faith_In_God_ProgressTests.framework */ = {isa = PBXFileReference; explicitFileType = wrapper.framework; includeInIndex = 0; path = Pods_Faith_In_God_ProgressTests.framework; sourceTree = BUILT_PRODUCTS_DIR; };
		AF1E2E18FFF59F005373BEC7 /* Pods-Faith In God ProgressUITests.release.xcconfig */ = {isa = PBXFileReference; includeInIndex = 1; lastKnownFileType = text.xcconfig; name = "Pods-Faith In God ProgressUITests.release.xcconfig"; path = "Pods/Target Support Files/Pods-Faith In God ProgressUITests/Pods-Faith In God ProgressUITests.release.xcconfig"; sourceTree = "<group>"; };
		B6CCDC9C9EBD539F02263DAA /* Pods_Faith_In_God_ProgressUITests.framework */ = {isa = PBXFileReference; explicitFileType = wrapper.framework; includeInIndex = 0; path = Pods_Faith_In_God_ProgressUITests.framework; sourceTree = BUILT_PRODUCTS_DIR; };
		C19EC4664F9D7F772A1F61CC /* Pods-Faith In God ProgressTests.release.xcconfig */ = {isa = PBXFileReference; includeInIndex = 1; lastKnownFileType = text.xcconfig; name = "Pods-Faith In God ProgressTests.release.xcconfig"; path = "Pods/Target Support Files/Pods-Faith In God ProgressTests/Pods-Faith In God ProgressTests.release.xcconfig"; sourceTree = "<group>"; };
		C979A9D0E42B61C886167601 /* Pods-Faith In God Progress.debug.xcconfig */ = {isa = PBXFileReference; includeInIndex = 1; lastKnownFileType = text.xcconfig; name = "Pods-Faith In God Progress.debug.xcconfig"; path = "Pods/Target Support Files/Pods-Faith In God Progress/Pods-Faith In God Progress.debug.xcconfig"; sourceTree = "<group>"; };
/* End PBXFileReference section */

/* Begin PBXFrameworksBuildPhase section */
		5E40764B215856FA004202E5 /* Frameworks */ = {
			isa = PBXFrameworksBuildPhase;
			buildActionMask = 2147483647;
			files = (
				4839495D90FEDECFB0AB9003 /* Pods_Faith_In_God_Progress.framework in Frameworks */,
			);
			runOnlyForDeploymentPostprocessing = 0;
		};
		5E407662215856FB004202E5 /* Frameworks */ = {
			isa = PBXFrameworksBuildPhase;
			buildActionMask = 2147483647;
			files = (
				64A0732385BBD8A57FAA0CF6 /* Pods_Faith_In_God_ProgressTests.framework in Frameworks */,
			);
			runOnlyForDeploymentPostprocessing = 0;
		};
		5E40766D215856FB004202E5 /* Frameworks */ = {
			isa = PBXFrameworksBuildPhase;
			buildActionMask = 2147483647;
			files = (
				35880070F64652C1721A1F11 /* Pods_Faith_In_God_ProgressUITests.framework in Frameworks */,
			);
			runOnlyForDeploymentPostprocessing = 0;
		};
/* End PBXFrameworksBuildPhase section */

/* Begin PBXGroup section */
		5E407645215856FA004202E5 = {
			isa = PBXGroup;
			children = (
				5E407650215856FA004202E5 /* Faith In God Progress */,
				5E407668215856FB004202E5 /* Faith In God ProgressTests */,
				5E407673215856FB004202E5 /* Faith In God ProgressUITests */,
				5E40764F215856FA004202E5 /* Products */,
				A466F3FBAF94EC38922E6D41 /* Pods */,
				C4AEBA2A3926146CEBC68A7B /* Frameworks */,
			);
			sourceTree = "<group>";
		};
		5E40764F215856FA004202E5 /* Products */ = {
			isa = PBXGroup;
			children = (
				5E40764E215856FA004202E5 /* Faith In God Progress.app */,
				5E407665215856FB004202E5 /* Faith In God ProgressTests.xctest */,
				5E407670215856FB004202E5 /* Faith In God ProgressUITests.xctest */,
			);
			name = Products;
			sourceTree = "<group>";
		};
		5E407650215856FA004202E5 /* Faith In God Progress */ = {
			isa = PBXGroup;
			children = (
				5EA5739021585FF1000FF6CF /* AppDelegate.swift */,
				5E407682215857EB004202E5 /* loginViewController.swift */,
				5E4076872158581D004202E5 /* articlesTableViewController.swift */,
				5E4076972158581F004202E5 /* articlesViewController.swift */,
				5E4076942158581E004202E5 /* basicDetailViewController.swift */,
				5E4076882158581D004202E5 /* basicViewController.swift */,
				5E40769C2158581F004202E5 /* boysGirlsDetailViewController.swift */,
				5E40769B2158581F004202E5 /* boysGirlsViewController.swift */,
				5E4076992158581F004202E5 /* DataItemA.swift */,
				5E4076932158581E004202E5 /* DataItemB.swift */,
				5E4076962158581F004202E5 /* DataItemC.swift */,
				5E4076922158581E004202E5 /* EditProfile.swift */,
				5E4076892158581D004202E5 /* editProfileViewController.swift */,
				5E40768F2158581E004202E5 /* learningDetailViewController.swift */,
				5E4076982158581F004202E5 /* learningViewController.swift */,
				5E40768A2158581D004202E5 /* Progress.swift */,
				5E40769D2158581F004202E5 /* servingDetailViewController.swift */,
				5E40768C2158581D004202E5 /* servingViewController.swift */,
				5E40768E2158581E004202E5 /* tabViewController1.swift */,
				5E40768D2158581E004202E5 /* tabViewController2.swift */,
				5E4076862158581D004202E5 /* tabViewController3.swift */,
				5E40769A2158581F004202E5 /* tabViewController4.swift */,
				5E4076902158581E004202E5 /* talentsDetailViewController.swift */,
				5E4076952158581F004202E5 /* talentsViewController.swift */,
				5E4076912158581E004202E5 /* User.swift */,
				5E40768B2158581D004202E5 /* UserData.swift */,
				5E4076B621585843004202E5 /* Main.storyboard */,
				5E40765B215856FB004202E5 /* Assets.xcassets */,
				5E4076B821585867004202E5 /* LaunchScreen.storyboard */,
				5E407660215856FB004202E5 /* Info.plist */,
				5E4076BA21585888004202E5 /* GoogleService-Info.plist */,
				5E407658215856FA004202E5 /* Faith_In_God_Progress.xcdatamodeld */,
			);
			path = "Faith In God Progress";
			sourceTree = "<group>";
		};
		5E407668215856FB004202E5 /* Faith In God ProgressTests */ = {
			isa = PBXGroup;
			children = (
				5E407669215856FB004202E5 /* Faith_In_God_ProgressTests.swift */,
				5E40766B215856FB004202E5 /* Info.plist */,
			);
			path = "Faith In God ProgressTests";
			sourceTree = "<group>";
		};
		5E407673215856FB004202E5 /* Faith In God ProgressUITests */ = {
			isa = PBXGroup;
			children = (
				5E407674215856FB004202E5 /* Faith_In_God_ProgressUITests.swift */,
				5E407676215856FB004202E5 /* Info.plist */,
			);
			path = "Faith In God ProgressUITests";
			sourceTree = "<group>";
		};
		A466F3FBAF94EC38922E6D41 /* Pods */ = {
			isa = PBXGroup;
			children = (
				C979A9D0E42B61C886167601 /* Pods-Faith In God Progress.debug.xcconfig */,
				1098E3980096A017EB02C88D /* Pods-Faith In God Progress.release.xcconfig */,
				6D07571A1C1A4145C08CAC21 /* Pods-Faith In God ProgressTests.debug.xcconfig */,
				C19EC4664F9D7F772A1F61CC /* Pods-Faith In God ProgressTests.release.xcconfig */,
				3642E77CDAF45A67ECC922EE /* Pods-Faith In God ProgressUITests.debug.xcconfig */,
				AF1E2E18FFF59F005373BEC7 /* Pods-Faith In God ProgressUITests.release.xcconfig */,
			);
			name = Pods;
			sourceTree = "<group>";
		};
		C4AEBA2A3926146CEBC68A7B /* Frameworks */ = {
			isa = PBXGroup;
			children = (
				54AAD8D9342562F7D10724CD /* Pods_Faith_In_God_Progress.framework */,
				9CC3C2749AE99CD9F3E91510 /* Pods_Faith_In_God_ProgressTests.framework */,
				B6CCDC9C9EBD539F02263DAA /* Pods_Faith_In_God_ProgressUITests.framework */,
			);
			name = Frameworks;
			sourceTree = "<group>";
		};
/* End PBXGroup section */

/* Begin PBXNativeTarget section */
		5E40764D215856FA004202E5 /* Faith In God Progress */ = {
			isa = PBXNativeTarget;
			buildConfigurationList = 5E407679215856FB004202E5 /* Build configuration list for PBXNativeTarget "Faith In God Progress" */;
			buildPhases = (
				468AD8BD6123BA9AF962AFF2 /* [CP] Check Pods Manifest.lock */,
				5E40764A215856FA004202E5 /* Sources */,
				5E40764B215856FA004202E5 /* Frameworks */,
				5E40764C215856FA004202E5 /* Resources */,
				26F888116FFEB1851078DBE5 /* [CP] Embed Pods Frameworks */,
			);
			buildRules = (
			);
			dependencies = (
			);
			name = "Faith In God Progress";
			productName = "Faith In God Progress";
			productReference = 5E40764E215856FA004202E5 /* Faith In God Progress.app */;
			productType = "com.apple.product-type.application";
		};
		5E407664215856FB004202E5 /* Faith In God ProgressTests */ = {
			isa = PBXNativeTarget;
			buildConfigurationList = 5E40767C215856FB004202E5 /* Build configuration list for PBXNativeTarget "Faith In God ProgressTests" */;
			buildPhases = (
				EE7719BE81C9C110E901D9EC /* [CP] Check Pods Manifest.lock */,
				5E407661215856FB004202E5 /* Sources */,
				5E407662215856FB004202E5 /* Frameworks */,
				5E407663215856FB004202E5 /* Resources */,
			);
			buildRules = (
			);
			dependencies = (
				5E407667215856FB004202E5 /* PBXTargetDependency */,
			);
			name = "Faith In God ProgressTests";
			productName = "Faith In God ProgressTests";
			productReference = 5E407665215856FB004202E5 /* Faith In God ProgressTests.xctest */;
			productType = "com.apple.product-type.bundle.unit-test";
		};
		5E40766F215856FB004202E5 /* Faith In God ProgressUITests */ = {
			isa = PBXNativeTarget;
			buildConfigurationList = 5E40767F215856FB004202E5 /* Build configuration list for PBXNativeTarget "Faith In God ProgressUITests" */;
			buildPhases = (
				EEF29486BD821C85BC1AF515 /* [CP] Check Pods Manifest.lock */,
				5E40766C215856FB004202E5 /* Sources */,
				5E40766D215856FB004202E5 /* Frameworks */,
				5E40766E215856FB004202E5 /* Resources */,
			);
			buildRules = (
			);
			dependencies = (
				5E407672215856FB004202E5 /* PBXTargetDependency */,
			);
			name = "Faith In God ProgressUITests";
			productName = "Faith In God ProgressUITests";
			productReference = 5E407670215856FB004202E5 /* Faith In God ProgressUITests.xctest */;
			productType = "com.apple.product-type.bundle.ui-testing";
		};
/* End PBXNativeTarget section */

/* Begin PBXProject section */
		5E407646215856FA004202E5 /* Project object */ = {
			isa = PBXProject;
			attributes = {
				LastSwiftUpdateCheck = 1000;
				LastUpgradeCheck = 1000;
				ORGANIZATIONNAME = "David Baldwin";
				TargetAttributes = {
					5E40764D215856FA004202E5 = {
						CreatedOnToolsVersion = 10.0;
					};
					5E407664215856FB004202E5 = {
						CreatedOnToolsVersion = 10.0;
						TestTargetID = 5E40764D215856FA004202E5;
					};
					5E40766F215856FB004202E5 = {
						CreatedOnToolsVersion = 10.0;
						TestTargetID = 5E40764D215856FA004202E5;
					};
				};
			};
			buildConfigurationList = 5E407649215856FA004202E5 /* Build configuration list for PBXProject "Faith In God Progress" */;
			compatibilityVersion = "Xcode 9.3";
			developmentRegion = en;
			hasScannedForEncodings = 0;
			knownRegions = (
				en,
				Base,
			);
			mainGroup = 5E407645215856FA004202E5;
			productRefGroup = 5E40764F215856FA004202E5 /* Products */;
			projectDirPath = "";
			projectRoot = "";
			targets = (
				5E40764D215856FA004202E5 /* Faith In God Progress */,
				5E407664215856FB004202E5 /* Faith In God ProgressTests */,
				5E40766F215856FB004202E5 /* Faith In God ProgressUITests */,
			);
		};
/* End PBXProject section */

/* Begin PBXResourcesBuildPhase section */
		5E40764C215856FA004202E5 /* Resources */ = {
			isa = PBXResourcesBuildPhase;
			buildActionMask = 2147483647;
			files = (
				5E4076B921585867004202E5 /* LaunchScreen.storyboard in Resources */,
				5E4076BB21585889004202E5 /* GoogleService-Info.plist in Resources */,
				5E4076B721585843004202E5 /* Main.storyboard in Resources */,
				5E40765C215856FB004202E5 /* Assets.xcassets in Resources */,
			);
			runOnlyForDeploymentPostprocessing = 0;
		};
		5E407663215856FB004202E5 /* Resources */ = {
			isa = PBXResourcesBuildPhase;
			buildActionMask = 2147483647;
			files = (
			);
			runOnlyForDeploymentPostprocessing = 0;
		};
		5E40766E215856FB004202E5 /* Resources */ = {
			isa = PBXResourcesBuildPhase;
			buildActionMask = 2147483647;
			files = (
			);
			runOnlyForDeploymentPostprocessing = 0;
		};
/* End PBXResourcesBuildPhase section */

/* Begin PBXShellScriptBuildPhase section */
		26F888116FFEB1851078DBE5 /* [CP] Embed Pods Frameworks */ = {
			isa = PBXShellScriptBuildPhase;
			buildActionMask = 2147483647;
			files = (
			);
			inputFileListPaths = (
			);
			inputPaths = (
				"${SRCROOT}/Pods/Target Support Files/Pods-Faith In God Progress/Pods-Faith In God Progress-frameworks.sh",
				"${BUILT_PRODUCTS_DIR}/GTMSessionFetcher/GTMSessionFetcher.framework",
				"${BUILT_PRODUCTS_DIR}/GoogleUtilities/GoogleUtilities.framework",
				"${BUILT_PRODUCTS_DIR}/leveldb-library/leveldb.framework",
				"${BUILT_PRODUCTS_DIR}/nanopb/nanopb.framework",
			);
			name = "[CP] Embed Pods Frameworks";
			outputFileListPaths = (
			);
			outputPaths = (
				"${TARGET_BUILD_DIR}/${FRAMEWORKS_FOLDER_PATH}/GTMSessionFetcher.framework",
				"${TARGET_BUILD_DIR}/${FRAMEWORKS_FOLDER_PATH}/GoogleUtilities.framework",
				"${TARGET_BUILD_DIR}/${FRAMEWORKS_FOLDER_PATH}/leveldb.framework",
				"${TARGET_BUILD_DIR}/${FRAMEWORKS_FOLDER_PATH}/nanopb.framework",
			);
			runOnlyForDeploymentPostprocessing = 0;
			shellPath = /bin/sh;
			shellScript = "\"${SRCROOT}/Pods/Target Support Files/Pods-Faith In God Progress/Pods-Faith In God Progress-frameworks.sh\"\n";
			showEnvVarsInLog = 0;
		};
		468AD8BD6123BA9AF962AFF2 /* [CP] Check Pods Manifest.lock */ = {
			isa = PBXShellScriptBuildPhase;
			buildActionMask = 2147483647;
			files = (
			);
			inputFileListPaths = (
			);
			inputPaths = (
				"${PODS_PODFILE_DIR_PATH}/Podfile.lock",
				"${PODS_ROOT}/Manifest.lock",
			);
			name = "[CP] Check Pods Manifest.lock";
			outputFileListPaths = (
			);
			outputPaths = (
				"$(DERIVED_FILE_DIR)/Pods-Faith In God Progress-checkManifestLockResult.txt",
			);
			runOnlyForDeploymentPostprocessing = 0;
			shellPath = /bin/sh;
			shellScript = "diff \"${PODS_PODFILE_DIR_PATH}/Podfile.lock\" \"${PODS_ROOT}/Manifest.lock\" > /dev/null\nif [ $? != 0 ] ; then\n    # print error to STDERR\n    echo \"error: The sandbox is not in sync with the Podfile.lock. Run 'pod install' or update your CocoaPods installation.\" >&2\n    exit 1\nfi\n# This output is used by Xcode 'outputs' to avoid re-running this script phase.\necho \"SUCCESS\" > \"${SCRIPT_OUTPUT_FILE_0}\"\n";
			showEnvVarsInLog = 0;
		};
		EE7719BE81C9C110E901D9EC /* [CP] Check Pods Manifest.lock */ = {
			isa = PBXShellScriptBuildPhase;
			buildActionMask = 2147483647;
			files = (
			);
			inputFileListPaths = (
			);
			inputPaths = (
				"${PODS_PODFILE_DIR_PATH}/Podfile.lock",
				"${PODS_ROOT}/Manifest.lock",
			);
			name = "[CP] Check Pods Manifest.lock";
			outputFileListPaths = (
			);
			outputPaths = (
				"$(DERIVED_FILE_DIR)/Pods-Faith In God ProgressTests-checkManifestLockResult.txt",
			);
			runOnlyForDeploymentPostprocessing = 0;
			shellPath = /bin/sh;
			shellScript = "diff \"${PODS_PODFILE_DIR_PATH}/Podfile.lock\" \"${PODS_ROOT}/Manifest.lock\" > /dev/null\nif [ $? != 0 ] ; then\n    # print error to STDERR\n    echo \"error: The sandbox is not in sync with the Podfile.lock. Run 'pod install' or update your CocoaPods installation.\" >&2\n    exit 1\nfi\n# This output is used by Xcode 'outputs' to avoid re-running this script phase.\necho \"SUCCESS\" > \"${SCRIPT_OUTPUT_FILE_0}\"\n";
			showEnvVarsInLog = 0;
		};
		EEF29486BD821C85BC1AF515 /* [CP] Check Pods Manifest.lock */ = {
			isa = PBXShellScriptBuildPhase;
			buildActionMask = 2147483647;
			files = (
			);
			inputFileListPaths = (
			);
			inputPaths = (
				"${PODS_PODFILE_DIR_PATH}/Podfile.lock",
				"${PODS_ROOT}/Manifest.lock",
			);
			name = "[CP] Check Pods Manifest.lock";
			outputFileListPaths = (
			);
			outputPaths = (
				"$(DERIVED_FILE_DIR)/Pods-Faith In God ProgressUITests-checkManifestLockResult.txt",
			);
			runOnlyForDeploymentPostprocessing = 0;
			shellPath = /bin/sh;
			shellScript = "diff \"${PODS_PODFILE_DIR_PATH}/Podfile.lock\" \"${PODS_ROOT}/Manifest.lock\" > /dev/null\nif [ $? != 0 ] ; then\n    # print error to STDERR\n    echo \"error: The sandbox is not in sync with the Podfile.lock. Run 'pod install' or update your CocoaPods installation.\" >&2\n    exit 1\nfi\n# This output is used by Xcode 'outputs' to avoid re-running this script phase.\necho \"SUCCESS\" > \"${SCRIPT_OUTPUT_FILE_0}\"\n";
			showEnvVarsInLog = 0;
		};
/* End PBXShellScriptBuildPhase section */

/* Begin PBXSourcesBuildPhase section */
		5E40764A215856FA004202E5 /* Sources */ = {
			isa = PBXSourcesBuildPhase;
			buildActionMask = 2147483647;
			files = (
				5E40769E21585820004202E5 /* tabViewController3.swift in Sources */,
				5E4076B521585820004202E5 /* servingDetailViewController.swift in Sources */,
				5E40769F21585820004202E5 /* articlesTableViewController.swift in Sources */,
				5E4076A521585820004202E5 /* tabViewController2.swift in Sources */,
				5EA5739121585FF1000FF6CF /* AppDelegate.swift in Sources */,
				5E4076AA21585820004202E5 /* EditProfile.swift in Sources */,
				5E4076B321585820004202E5 /* boysGirlsViewController.swift in Sources */,
				5E4076A121585820004202E5 /* editProfileViewController.swift in Sources */,
				5E4076A721585820004202E5 /* learningDetailViewController.swift in Sources */,
				5E4076B021585820004202E5 /* learningViewController.swift in Sources */,
				5E4076AE21585820004202E5 /* DataItemC.swift in Sources */,
				5E4076AB21585820004202E5 /* DataItemB.swift in Sources */,
				5E4076A321585820004202E5 /* UserData.swift in Sources */,
				5E4076AD21585820004202E5 /* talentsViewController.swift in Sources */,
				5E4076B121585820004202E5 /* DataItemA.swift in Sources */,
				5E407683215857EB004202E5 /* loginViewController.swift in Sources */,
				5E4076A621585820004202E5 /* tabViewController1.swift in Sources */,
				5E4076AC21585820004202E5 /* basicDetailViewController.swift in Sources */,
				5E4076A921585820004202E5 /* User.swift in Sources */,
				5E4076A421585820004202E5 /* servingViewController.swift in Sources */,
				5E40765A215856FA004202E5 /* Faith_In_God_Progress.xcdatamodeld in Sources */,
				5E4076AF21585820004202E5 /* articlesViewController.swift in Sources */,
				5E4076B421585820004202E5 /* boysGirlsDetailViewController.swift in Sources */,
				5E4076A821585820004202E5 /* talentsDetailViewController.swift in Sources */,
				5E4076B221585820004202E5 /* tabViewController4.swift in Sources */,
				5E4076A221585820004202E5 /* Progress.swift in Sources */,
				5E4076A021585820004202E5 /* basicViewController.swift in Sources */,
			);
			runOnlyForDeploymentPostprocessing = 0;
		};
		5E407661215856FB004202E5 /* Sources */ = {
			isa = PBXSourcesBuildPhase;
			buildActionMask = 2147483647;
			files = (
				5E40766A215856FB004202E5 /* Faith_In_God_ProgressTests.swift in Sources */,
			);
			runOnlyForDeploymentPostprocessing = 0;
		};
		5E40766C215856FB004202E5 /* Sources */ = {
			isa = PBXSourcesBuildPhase;
			buildActionMask = 2147483647;
			files = (
				5E407675215856FB004202E5 /* Faith_In_God_ProgressUITests.swift in Sources */,
			);
			runOnlyForDeploymentPostprocessing = 0;
		};
/* End PBXSourcesBuildPhase section */

/* Begin PBXTargetDependency section */
		5E407667215856FB004202E5 /* PBXTargetDependency */ = {
			isa = PBXTargetDependency;
			target = 5E40764D215856FA004202E5 /* Faith In God Progress */;
			targetProxy = 5E407666215856FB004202E5 /* PBXContainerItemProxy */;
		};
		5E407672215856FB004202E5 /* PBXTargetDependency */ = {
			isa = PBXTargetDependency;
			target = 5E40764D215856FA004202E5 /* Faith In God Progress */;
			targetProxy = 5E407671215856FB004202E5 /* PBXContainerItemProxy */;
		};
/* End PBXTargetDependency section */

/* Begin XCBuildConfiguration section */
		5E407677215856FB004202E5 /* Debug */ = {
			isa = XCBuildConfiguration;
			buildSettings = {
				ALWAYS_SEARCH_USER_PATHS = NO;
				CLANG_ANALYZER_NONNULL = YES;
				CLANG_ANALYZER_NUMBER_OBJECT_CONVERSION = YES_AGGRESSIVE;
				CLANG_CXX_LANGUAGE_STANDARD = "gnu++14";
				CLANG_CXX_LIBRARY = "libc++";
				CLANG_ENABLE_MODULES = YES;
				CLANG_ENABLE_OBJC_ARC = YES;
				CLANG_ENABLE_OBJC_WEAK = YES;
				CLANG_WARN_BLOCK_CAPTURE_AUTORELEASING = YES;
				CLANG_WARN_BOOL_CONVERSION = YES;
				CLANG_WARN_COMMA = YES;
				CLANG_WARN_CONSTANT_CONVERSION = YES;
				CLANG_WARN_DEPRECATED_OBJC_IMPLEMENTATIONS = YES;
				CLANG_WARN_DIRECT_OBJC_ISA_USAGE = YES_ERROR;
				CLANG_WARN_DOCUMENTATION_COMMENTS = YES;
				CLANG_WARN_EMPTY_BODY = YES;
				CLANG_WARN_ENUM_CONVERSION = YES;
				CLANG_WARN_INFINITE_RECURSION = YES;
				CLANG_WARN_INT_CONVERSION = YES;
				CLANG_WARN_NON_LITERAL_NULL_CONVERSION = YES;
				CLANG_WARN_OBJC_IMPLICIT_RETAIN_SELF = YES;
				CLANG_WARN_OBJC_LITERAL_CONVERSION = YES;
				CLANG_WARN_OBJC_ROOT_CLASS = YES_ERROR;
				CLANG_WARN_RANGE_LOOP_ANALYSIS = YES;
				CLANG_WARN_STRICT_PROTOTYPES = YES;
				CLANG_WARN_SUSPICIOUS_MOVE = YES;
				CLANG_WARN_UNGUARDED_AVAILABILITY = YES_AGGRESSIVE;
				CLANG_WARN_UNREACHABLE_CODE = YES;
				CLANG_WARN__DUPLICATE_METHOD_MATCH = YES;
				CODE_SIGN_IDENTITY = "iPhone Developer";
				COPY_PHASE_STRIP = NO;
				DEBUG_INFORMATION_FORMAT = dwarf;
				ENABLE_STRICT_OBJC_MSGSEND = YES;
				ENABLE_TESTABILITY = YES;
				GCC_C_LANGUAGE_STANDARD = gnu11;
				GCC_DYNAMIC_NO_PIC = NO;
				GCC_NO_COMMON_BLOCKS = YES;
				GCC_OPTIMIZATION_LEVEL = 0;
				GCC_PREPROCESSOR_DEFINITIONS = (
					"DEBUG=1",
					"$(inherited)",
				);
				GCC_WARN_64_TO_32_BIT_CONVERSION = YES;
				GCC_WARN_ABOUT_RETURN_TYPE = YES_ERROR;
				GCC_WARN_UNDECLARED_SELECTOR = YES;
				GCC_WARN_UNINITIALIZED_AUTOS = YES_AGGRESSIVE;
				GCC_WARN_UNUSED_FUNCTION = YES;
				GCC_WARN_UNUSED_VARIABLE = YES;
				IPHONEOS_DEPLOYMENT_TARGET = 12.0;
				MTL_ENABLE_DEBUG_INFO = INCLUDE_SOURCE;
				MTL_FAST_MATH = YES;
				ONLY_ACTIVE_ARCH = YES;
				SDKROOT = iphoneos;
				SWIFT_ACTIVE_COMPILATION_CONDITIONS = DEBUG;
				SWIFT_OPTIMIZATION_LEVEL = "-Onone";
			};
			name = Debug;
		};
		5E407678215856FB004202E5 /* Release */ = {
			isa = XCBuildConfiguration;
			buildSettings = {
				ALWAYS_SEARCH_USER_PATHS = NO;
				CLANG_ANALYZER_NONNULL = YES;
				CLANG_ANALYZER_NUMBER_OBJECT_CONVERSION = YES_AGGRESSIVE;
				CLANG_CXX_LANGUAGE_STANDARD = "gnu++14";
				CLANG_CXX_LIBRARY = "libc++";
				CLANG_ENABLE_MODULES = YES;
				CLANG_ENABLE_OBJC_ARC = YES;
				CLANG_ENABLE_OBJC_WEAK = YES;
				CLANG_WARN_BLOCK_CAPTURE_AUTORELEASING = YES;
				CLANG_WARN_BOOL_CONVERSION = YES;
				CLANG_WARN_COMMA = YES;
				CLANG_WARN_CONSTANT_CONVERSION = YES;
				CLANG_WARN_DEPRECATED_OBJC_IMPLEMENTATIONS = YES;
				CLANG_WARN_DIRECT_OBJC_ISA_USAGE = YES_ERROR;
				CLANG_WARN_DOCUMENTATION_COMMENTS = YES;
				CLANG_WARN_EMPTY_BODY = YES;
				CLANG_WARN_ENUM_CONVERSION = YES;
				CLANG_WARN_INFINITE_RECURSION = YES;
				CLANG_WARN_INT_CONVERSION = YES;
				CLANG_WARN_NON_LITERAL_NULL_CONVERSION = YES;
				CLANG_WARN_OBJC_IMPLICIT_RETAIN_SELF = YES;
				CLANG_WARN_OBJC_LITERAL_CONVERSION = YES;
				CLANG_WARN_OBJC_ROOT_CLASS = YES_ERROR;
				CLANG_WARN_RANGE_LOOP_ANALYSIS = YES;
				CLANG_WARN_STRICT_PROTOTYPES = YES;
				CLANG_WARN_SUSPICIOUS_MOVE = YES;
				CLANG_WARN_UNGUARDED_AVAILABILITY = YES_AGGRESSIVE;
				CLANG_WARN_UNREACHABLE_CODE = YES;
				CLANG_WARN__DUPLICATE_METHOD_MATCH = YES;
				CODE_SIGN_IDENTITY = "iPhone Developer";
				COPY_PHASE_STRIP = NO;
				DEBUG_INFORMATION_FORMAT = "dwarf-with-dsym";
				ENABLE_NS_ASSERTIONS = NO;
				ENABLE_STRICT_OBJC_MSGSEND = YES;
				GCC_C_LANGUAGE_STANDARD = gnu11;
				GCC_NO_COMMON_BLOCKS = YES;
				GCC_WARN_64_TO_32_BIT_CONVERSION = YES;
				GCC_WARN_ABOUT_RETURN_TYPE = YES_ERROR;
				GCC_WARN_UNDECLARED_SELECTOR = YES;
				GCC_WARN_UNINITIALIZED_AUTOS = YES_AGGRESSIVE;
				GCC_WARN_UNUSED_FUNCTION = YES;
				GCC_WARN_UNUSED_VARIABLE = YES;
				IPHONEOS_DEPLOYMENT_TARGET = 12.0;
				MTL_ENABLE_DEBUG_INFO = NO;
				MTL_FAST_MATH = YES;
				SDKROOT = iphoneos;
				SWIFT_COMPILATION_MODE = wholemodule;
				SWIFT_OPTIMIZATION_LEVEL = "-O";
				VALIDATE_PRODUCT = YES;
			};
			name = Release;
		};
		5E40767A215856FB004202E5 /* Debug */ = {
			isa = XCBuildConfiguration;
			baseConfigurationReference = C979A9D0E42B61C886167601 /* Pods-Faith In God Progress.debug.xcconfig */;
			buildSettings = {
				ASSETCATALOG_COMPILER_APPICON_NAME = AppIcon;
				CODE_SIGN_STYLE = Automatic;
				DEVELOPMENT_TEAM = ALHBNYE6H5;
				INFOPLIST_FILE = "Faith In God Progress/Info.plist";
				LD_RUNPATH_SEARCH_PATHS = (
					"$(inherited)",
					"@executable_path/Frameworks",
				);
				PRODUCT_BUNDLE_IDENTIFIER = "sourcedevelopers.Faith-In-God-Progress";
				PRODUCT_NAME = "$(TARGET_NAME)";
				SWIFT_VERSION = 4.2;
				TARGETED_DEVICE_FAMILY = "1,2";
			};
			name = Debug;
		};
		5E40767B215856FB004202E5 /* Release */ = {
			isa = XCBuildConfiguration;
			baseConfigurationReference = 1098E3980096A017EB02C88D /* Pods-Faith In God Progress.release.xcconfig */;
			buildSettings = {
				ASSETCATALOG_COMPILER_APPICON_NAME = AppIcon;
				CODE_SIGN_STYLE = Automatic;
				DEVELOPMENT_TEAM = ALHBNYE6H5;
				INFOPLIST_FILE = "Faith In God Progress/Info.plist";
				LD_RUNPATH_SEARCH_PATHS = (
					"$(inherited)",
					"@executable_path/Frameworks",
				);
				PRODUCT_BUNDLE_IDENTIFIER = "sourcedevelopers.Faith-In-God-Progress";
				PRODUCT_NAME = "$(TARGET_NAME)";
				SWIFT_VERSION = 4.2;
				TARGETED_DEVICE_FAMILY = "1,2";
			};
			name = Release;
		};
		5E40767D215856FB004202E5 /* Debug */ = {
			isa = XCBuildConfiguration;
			baseConfigurationReference = 6D07571A1C1A4145C08CAC21 /* Pods-Faith In God ProgressTests.debug.xcconfig */;
			buildSettings = {
				ALWAYS_EMBED_SWIFT_STANDARD_LIBRARIES = YES;
				BUNDLE_LOADER = "$(TEST_HOST)";
				CODE_SIGN_STYLE = Automatic;
				DEVELOPMENT_TEAM = ALHBNYE6H5;
				INFOPLIST_FILE = "Faith In God ProgressTests/Info.plist";
				LD_RUNPATH_SEARCH_PATHS = (
					"$(inherited)",
					"@executable_path/Frameworks",
					"@loader_path/Frameworks",
				);
				PRODUCT_BUNDLE_IDENTIFIER = "sourcedevelopers.Faith-In-God-ProgressTests";
				PRODUCT_NAME = "$(TARGET_NAME)";
				SWIFT_VERSION = 4.2;
				TARGETED_DEVICE_FAMILY = "1,2";
				TEST_HOST = "$(BUILT_PRODUCTS_DIR)/Faith In God Progress.app/Faith In God Progress";
			};
			name = Debug;
		};
		5E40767E215856FB004202E5 /* Release */ = {
			isa = XCBuildConfiguration;
			baseConfigurationReference = C19EC4664F9D7F772A1F61CC /* Pods-Faith In God ProgressTests.release.xcconfig */;
			buildSettings = {
				ALWAYS_EMBED_SWIFT_STANDARD_LIBRARIES = YES;
				BUNDLE_LOADER = "$(TEST_HOST)";
				CODE_SIGN_STYLE = Automatic;
				DEVELOPMENT_TEAM = ALHBNYE6H5;
				INFOPLIST_FILE = "Faith In God ProgressTests/Info.plist";
				LD_RUNPATH_SEARCH_PATHS = (
					"$(inherited)",
					"@executable_path/Frameworks",
					"@loader_path/Frameworks",
				);
				PRODUCT_BUNDLE_IDENTIFIER = "sourcedevelopers.Faith-In-God-ProgressTests";
				PRODUCT_NAME = "$(TARGET_NAME)";
				SWIFT_VERSION = 4.2;
				TARGETED_DEVICE_FAMILY = "1,2";
				TEST_HOST = "$(BUILT_PRODUCTS_DIR)/Faith In God Progress.app/Faith In God Progress";
			};
			name = Release;
		};
		5E407680215856FB004202E5 /* Debug */ = {
			isa = XCBuildConfiguration;
			baseConfigurationReference = 3642E77CDAF45A67ECC922EE /* Pods-Faith In God ProgressUITests.debug.xcconfig */;
			buildSettings = {
				ALWAYS_EMBED_SWIFT_STANDARD_LIBRARIES = YES;
				CODE_SIGN_STYLE = Automatic;
				DEVELOPMENT_TEAM = ALHBNYE6H5;
				INFOPLIST_FILE = "Faith In God ProgressUITests/Info.plist";
				LD_RUNPATH_SEARCH_PATHS = (
					"$(inherited)",
					"@executable_path/Frameworks",
					"@loader_path/Frameworks",
				);
				PRODUCT_BUNDLE_IDENTIFIER = "sourcedevelopers.Faith-In-God-ProgressUITests";
				PRODUCT_NAME = "$(TARGET_NAME)";
				SWIFT_VERSION = 4.2;
				TARGETED_DEVICE_FAMILY = "1,2";
				TEST_TARGET_NAME = "Faith In God Progress";
			};
			name = Debug;
		};
		5E407681215856FB004202E5 /* Release */ = {
			isa = XCBuildConfiguration;
			baseConfigurationReference = AF1E2E18FFF59F005373BEC7 /* Pods-Faith In God ProgressUITests.release.xcconfig */;
			buildSettings = {
				ALWAYS_EMBED_SWIFT_STANDARD_LIBRARIES = YES;
				CODE_SIGN_STYLE = Automatic;
				DEVELOPMENT_TEAM = ALHBNYE6H5;
				INFOPLIST_FILE = "Faith In God ProgressUITests/Info.plist";
				LD_RUNPATH_SEARCH_PATHS = (
					"$(inherited)",
					"@executable_path/Frameworks",
					"@loader_path/Frameworks",
				);
				PRODUCT_BUNDLE_IDENTIFIER = "sourcedevelopers.Faith-In-God-ProgressUITests";
				PRODUCT_NAME = "$(TARGET_NAME)";
				SWIFT_VERSION = 4.2;
				TARGETED_DEVICE_FAMILY = "1,2";
				TEST_TARGET_NAME = "Faith In God Progress";
			};
			name = Release;
		};
/* End XCBuildConfiguration section */

/* Begin XCConfigurationList section */
		5E407649215856FA004202E5 /* Build configuration list for PBXProject "Faith In God Progress" */ = {
			isa = XCConfigurationList;
			buildConfigurations = (
				5E407677215856FB004202E5 /* Debug */,
				5E407678215856FB004202E5 /* Release */,
			);
			defaultConfigurationIsVisible = 0;
			defaultConfigurationName = Release;
		};
		5E407679215856FB004202E5 /* Build configuration list for PBXNativeTarget "Faith In God Progress" */ = {
			isa = XCConfigurationList;
			buildConfigurations = (
				5E40767A215856FB004202E5 /* Debug */,
				5E40767B215856FB004202E5 /* Release */,
			);
			defaultConfigurationIsVisible = 0;
			defaultConfigurationName = Release;
		};
		5E40767C215856FB004202E5 /* Build configuration list for PBXNativeTarget "Faith In God ProgressTests" */ = {
			isa = XCConfigurationList;
			buildConfigurations = (
				5E40767D215856FB004202E5 /* Debug */,
				5E40767E215856FB004202E5 /* Release */,
			);
			defaultConfigurationIsVisible = 0;
			defaultConfigurationName = Release;
		};
		5E40767F215856FB004202E5 /* Build configuration list for PBXNativeTarget "Faith In God ProgressUITests" */ = {
			isa = XCConfigurationList;
			buildConfigurations = (
				5E407680215856FB004202E5 /* Debug */,
				5E407681215856FB004202E5 /* Release */,
			);
			defaultConfigurationIsVisible = 0;
			defaultConfigurationName = Release;
		};
/* End XCConfigurationList section */

/* Begin XCVersionGroup section */
		5E407658215856FA004202E5 /* Faith_In_God_Progress.xcdatamodeld */ = {
			isa = XCVersionGroup;
			children = (
				5E407659215856FA004202E5 /* Faith_In_God_Progress.xcdatamodel */,
			);
			currentVersion = 5E407659215856FA004202E5 /* Faith_In_God_Progress.xcdatamodel */;
			path = Faith_In_God_Progress.xcdatamodeld;
			sourceTree = "<group>";
			versionGroupType = wrapper.xcdatamodel;
		};
/* End XCVersionGroup section */
	};
	rootObject = 5E407646215856FA004202E5 /* Project object */;
}
